
Microsoft Visual Studio Solution File, Format Version 12.00
# Visual Studio 15
Project("{FAE04EC0-301F-11D3-BF4B-00C04F79EFBC}") = "Assembly-CSharp", "Assembly-CSharp.csproj", "{90C26121-57A5-8543-0899-FF5D92B6D57B}"
EndProject
Project("{FAE04EC0-301F-11D3-BF4B-00C04F79EFBC}") = "Assembly-CSharp-Editor", "Assembly-CSharp-Editor.csproj", "{4FD86D31-C9A3-5B6F-4359-0C0CF4EECCFA}"
EndProject
Global
	GlobalSection(SolutionConfigurationPlatforms) = preSolution
		Debug|Any CPU = Debug|Any CPU
		Release|Any CPU = Release|Any CPU
	EndGlobalSection
	GlobalSection(ProjectConfigurationPlatforms) = postSolution
		{90C26121-57A5-8543-0899-FF5D92B6D57B}.Debug|Any CPU.ActiveCfg = Debug|Any CPU
		{90C26121-57A5-8543-0899-FF5D92B6D57B}.Debug|Any CPU.Build.0 = Debug|Any CPU
		{90C26121-57A5-8543-0899-FF5D92B6D57B}.Release|Any CPU.ActiveCfg = Release|Any CPU
		{90C26121-57A5-8543-0899-FF5D92B6D57B}.Release|Any CPU.Build.0 = Release|Any CPU
		{4FD86D31-C9A3-5B6F-4359-0C0CF4EECCFA}.Debug|Any CPU.ActiveCfg = Debug|Any CPU
		{4FD86D31-C9A3-5B6F-4359-0C0CF4EECCFA}.Debug|Any CPU.Build.0 = Debug|Any CPU
		{4FD86D31-C9A3-5B6F-4359-0C0CF4EECCFA}.Release|Any CPU.ActiveCfg = Release|Any CPU
		{4FD86D31-C9A3-5B6F-4359-0C0CF4EECCFA}.Release|Any CPU.Build.0 = Release|Any CPU
	EndGlobalSection
	GlobalSection(SolutionProperties) = preSolution
		HideSolutionNode = FALSE
	EndGlobalSection
EndGlobal
